// !$*UTF8*$!
{
	archiveVersion = 1;
	classes = {
	};
	objectVersion = 50;
	objects = {

/* Begin PBXBuildFile section */
		4B9E3F662253C46900FA5781 /* AppDelegate.swift in Sources */ = {isa = PBXBuildFile; fileRef = 4B9E3F652253C46900FA5781 /* AppDelegate.swift */; };
		4B9E3F682253C46900FA5781 /* ViewController.swift in Sources */ = {isa = PBXBuildFile; fileRef = 4B9E3F672253C46900FA5781 /* ViewController.swift */; };
		4B9E3F6B2253C46900FA5781 /* Main.storyboard in Resources */ = {isa = PBXBuildFile; fileRef = 4B9E3F692253C46900FA5781 /* Main.storyboard */; };
		4B9E3F6D2253C46A00FA5781 /* Assets.xcassets in Resources */ = {isa = PBXBuildFile; fileRef = 4B9E3F6C2253C46A00FA5781 /* Assets.xcassets */; };
		4B9E3F702253C46A00FA5781 /* LaunchScreen.storyboard in Resources */ = {isa = PBXBuildFile; fileRef = 4B9E3F6E2253C46A00FA5781 /* LaunchScreen.storyboard */; };
		4B9E3F7B2253C46A00FA5781 /* reggieisblackithinkTests.swift in Sources */ = {isa = PBXBuildFile; fileRef = 4B9E3F7A2253C46A00FA5781 /* reggieisblackithinkTests.swift */; };
		4B9E3F862253C46A00FA5781 /* reggieisblackithinkUITests.swift in Sources */ = {isa = PBXBuildFile; fileRef = 4B9E3F852253C46A00FA5781 /* reggieisblackithinkUITests.swift */; };
/* End PBXBuildFile section */

/* Begin PBXContainerItemProxy section */
		4B9E3F772253C46A00FA5781 /* PBXContainerItemProxy */ = {
			isa = PBXContainerItemProxy;
			containerPortal = 4B9E3F5A2253C46900FA5781 /* Project object */;
			proxyType = 1;
			remoteGlobalIDString = 4B9E3F612253C46900FA5781;
			remoteInfo = reggieisblackithink;
		};
		4B9E3F822253C46A00FA5781 /* PBXContainerItemProxy */ = {
			isa = PBXContainerItemProxy;
			containerPortal = 4B9E3F5A2253C46900FA5781 /* Project object */;
			proxyType = 1;
			remoteGlobalIDString = 4B9E3F612253C46900FA5781;
			remoteInfo = reggieisblackithink;
		};
/* End PBXContainerItemProxy section */

/* Begin PBXFileReference section */
		4B9E3F622253C46900FA5781 /* reggieisblackithink.app */ = {isa = PBXFileReference; explicitFileType = wrapper.application; includeInIndex = 0; path = reggieisblackithink.app; sourceTree = BUILT_PRODUCTS_DIR; };
		4B9E3F652253C46900FA5781 /* AppDelegate.swift */ = {isa = PBXFileReference; lastKnownFileType = sourcecode.swift; path = AppDelegate.swift; sourceTree = "<group>"; };
		4B9E3F672253C46900FA5781 /* ViewController.swift */ = {isa = PBXFileReference; lastKnownFileType = sourcecode.swift; path = ViewController.swift; sourceTree = "<group>"; };
		4B9E3F6A2253C46900FA5781 /* Base */ = {isa = PBXFileReference; lastKnownFileType = file.storyboard; name = Base; path = Base.lproj/Main.storyboard; sourceTree = "<group>"; };
		4B9E3F6C2253C46A00FA5781 /* Assets.xcassets */ = {isa = PBXFileReference; lastKnownFileType = folder.assetcatalog; path = Assets.xcassets; sourceTree = "<group>"; };
		4B9E3F6F2253C46A00FA5781 /* Base */ = {isa = PBXFileReference; lastKnownFileType = file.storyboard; name = Base; path = Base.lproj/LaunchScreen.storyboard; sourceTree = "<group>"; };
		4B9E3F712253C46A00FA5781 /* Info.plist */ = {isa = PBXFileReference; lastKnownFileType = text.plist.xml; path = Info.plist; sourceTree = "<group>"; };
		4B9E3F762253C46A00FA5781 /* reggieisblackithinkTests.xctest */ = {isa = PBXFileReference; explicitFileType = wrapper.cfbundle; includeInIndex = 0; path = reggieisblackithinkTests.xctest; sourceTree = BUILT_PRODUCTS_DIR; };
		4B9E3F7A2253C46A00FA5781 /* reggieisblackithinkTests.swift */ = {isa = PBXFileReference; lastKnownFileType = sourcecode.swift; path = reggieisblackithinkTests.swift; sourceTree = "<group>"; };
		4B9E3F7C2253C46A00FA5781 /* Info.plist */ = {isa = PBXFileReference; lastKnownFileType = text.plist.xml; path = Info.plist; sourceTree = "<group>"; };
		4B9E3F812253C46A00FA5781 /* reggieisblackithinkUITests.xctest */ = {isa = PBXFileReference; explicitFileType = wrapper.cfbundle; includeInIndex = 0; path = reggieisblackithinkUITests.xctest; sourceTree = BUILT_PRODUCTS_DIR; };
		4B9E3F852253C46A00FA5781 /* reggieisblackithinkUITests.swift */ = {isa = PBXFileReference; lastKnownFileType = sourcecode.swift; path = reggieisblackithinkUITests.swift; sourceTree = "<group>"; };
		4B9E3F872253C46A00FA5781 /* Info.plist */ = {isa = PBXFileReference; lastKnownFileType = text.plist.xml; path = Info.plist; sourceTree = "<group>"; };
/* End PBXFileReference section */

/* Begin PBXFrameworksBuildPhase section */
		4B9E3F5F2253C46900FA5781 /* Frameworks */ = {
			isa = PBXFrameworksBuildPhase;
			buildActionMask = 2147483647;
			files = (
			);
			runOnlyForDeploymentPostprocessing = 0;
		};
		4B9E3F732253C46A00FA5781 /* Frameworks */ = {
			isa = PBXFrameworksBuildPhase;
			buildActionMask = 2147483647;
			files = (
			);
			runOnlyForDeploymentPostprocessing = 0;
		};
		4B9E3F7E2253C46A00FA5781 /* Frameworks */ = {
			isa = PBXFrameworksBuildPhase;
			buildActionMask = 2147483647;
			files = (
			);
			runOnlyForDeploymentPostprocessing = 0;
		};
/* End PBXFrameworksBuildPhase section */

/* Begin PBXGroup section */
		4B9E3F592253C46900FA5781 = {
			isa = PBXGroup;
			children = (
				4B9E3F642253C46900FA5781 /* reggieisblackithink */,
				4B9E3F792253C46A00FA5781 /* reggieisblackithinkTests */,
				4B9E3F842253C46A00FA5781 /* reggieisblackithinkUITests */,
				4B9E3F632253C46900FA5781 /* Products */,
			);
			sourceTree = "<group>";
		};
		4B9E3F632253C46900FA5781 /* Products */ = {
			isa = PBXGroup;
			children = (
				4B9E3F622253C46900FA5781 /* reggieisblackithink.app */,
				4B9E3F762253C46A00FA5781 /* reggieisblackithinkTests.xctest */,
				4B9E3F812253C46A00FA5781 /* reggieisblackithinkUITests.xctest */,
			);
			name = Products;
			sourceTree = "<group>";
		};
		4B9E3F642253C46900FA5781 /* reggieisblackithink */ = {
			isa = PBXGroup;
			children = (
				4B9E3F652253C46900FA5781 /* AppDelegate.swift */,
				4B9E3F672253C46900FA5781 /* ViewController.swift */,
				4B9E3F692253C46900FA5781 /* Main.storyboard */,
				4B9E3F6C2253C46A00FA5781 /* Assets.xcassets */,
				4B9E3F6E2253C46A00FA5781 /* LaunchScreen.storyboard */,
				4B9E3F712253C46A00FA5781 /* Info.plist */,
			);
			path = reggieisblackithink;
			sourceTree = "<group>";
		};
		4B9E3F792253C46A00FA5781 /* reggieisblackithinkTests */ = {
			isa = PBXGroup;
			children = (
				4B9E3F7A2253C46A00FA5781 /* reggieisblackithinkTests.swift */,
				4B9E3F7C2253C46A00FA5781 /* Info.plist */,
			);
			path = reggieisblackithinkTests;
			sourceTree = "<group>";
		};
		4B9E3F842253C46A00FA5781 /* reggieisblackithinkUITests */ = {
			isa = PBXGroup;
			children = (
				4B9E3F852253C46A00FA5781 /* reggieisblackithinkUITests.swift */,
				4B9E3F872253C46A00FA5781 /* Info.plist */,
			);
			path = reggieisblackithinkUITests;
			sourceTree = "<group>";
		};
/* End PBXGroup section */

/* Begin PBXNativeTarget section */
		4B9E3F612253C46900FA5781 /* reggieisblackithink */ = {
			isa = PBXNativeTarget;
			buildConfigurationList = 4B9E3F8A2253C46A00FA5781 /* Build configuration list for PBXNativeTarget "reggieisblackithink" */;
			buildPhases = (
				4B9E3F5E2253C46900FA5781 /* Sources */,
				4B9E3F5F2253C46900FA5781 /* Frameworks */,
				4B9E3F602253C46900FA5781 /* Resources */,
			);
			buildRules = (
			);
			dependencies = (
			);
			name = reggieisblackithink;
			productName = reggieisblackithink;
			productReference = 4B9E3F622253C46900FA5781 /* reggieisblackithink.app */;
			productType = "com.apple.product-type.application";
		};
		4B9E3F752253C46A00FA5781 /* reggieisblackithinkTests */ = {
			isa = PBXNativeTarget;
			buildConfigurationList = 4B9E3F8D2253C46A00FA5781 /* Build configuration list for PBXNativeTarget "reggieisblackithinkTests" */;
			buildPhases = (
				4B9E3F722253C46A00FA5781 /* Sources */,
				4B9E3F732253C46A00FA5781 /* Frameworks */,
				4B9E3F742253C46A00FA5781 /* Resources */,
			);
			buildRules = (
			);
			dependencies = (
				4B9E3F782253C46A00FA5781 /* PBXTargetDependency */,
			);
			name = reggieisblackithinkTests;
			productName = reggieisblackithinkTests;
			productReference = 4B9E3F762253C46A00FA5781 /* reggieisblackithinkTests.xctest */;
			productType = "com.apple.product-type.bundle.unit-test";
		};
		4B9E3F802253C46A00FA5781 /* reggieisblackithinkUITests */ = {
			isa = PBXNativeTarget;
			buildConfigurationList = 4B9E3F902253C46A00FA5781 /* Build configuration list for PBXNativeTarget "reggieisblackithinkUITests" */;
			buildPhases = (
				4B9E3F7D2253C46A00FA5781 /* Sources */,
				4B9E3F7E2253C46A00FA5781 /* Frameworks */,
				4B9E3F7F2253C46A00FA5781 /* Resources */,
			);
			buildRules = (
			);
			dependencies = (
				4B9E3F832253C46A00FA5781 /* PBXTargetDependency */,
			);
			name = reggieisblackithinkUITests;
			productName = reggieisblackithinkUITests;
			productReference = 4B9E3F812253C46A00FA5781 /* reggieisblackithinkUITests.xctest */;
			productType = "com.apple.product-type.bundle.ui-testing";
		};
/* End PBXNativeTarget section */

/* Begin PBXProject section */
		4B9E3F5A2253C46900FA5781 /* Project object */ = {
			isa = PBXProject;
			attributes = {
				LastSwiftUpdateCheck = 1000;
				LastUpgradeCheck = 1000;
				ORGANIZATIONNAME = "Cameron Bevan-Abel";
				TargetAttributes = {
					4B9E3F612253C46900FA5781 = {
						CreatedOnToolsVersion = 10.0;
					};
					4B9E3F752253C46A00FA5781 = {
						CreatedOnToolsVersion = 10.0;
						TestTargetID = 4B9E3F612253C46900FA5781;
					};
					4B9E3F802253C46A00FA5781 = {
						CreatedOnToolsVersion = 10.0;
						TestTargetID = 4B9E3F612253C46900FA5781;
					};
				};
			};
			buildConfigurationList = 4B9E3F5D2253C46900FA5781 /* Build configuration list for PBXProject "reggieisblackithink" */;
			compatibilityVersion = "Xcode 9.3";
			developmentRegion = en;
			hasScannedForEncodings = 0;
			knownRegions = (
				en,
				Base,
			);
			mainGroup = 4B9E3F592253C46900FA5781;
			productRefGroup = 4B9E3F632253C46900FA5781 /* Products */;
			projectDirPath = "";
			projectRoot = "";
			targets = (
				4B9E3F612253C46900FA5781 /* reggieisblackithink */,
				4B9E3F752253C46A00FA5781 /* reggieisblackithinkTests */,
				4B9E3F802253C46A00FA5781 /* reggieisblackithinkUITests */,
			);
		};
/* End PBXProject section */

/* Begin PBXResourcesBuildPhase section */
		4B9E3F602253C46900FA5781 /* Resources */ = {
			isa = PBXResourcesBuildPhase;
			buildActionMask = 2147483647;
			files = (
				4B9E3F702253C46A00FA5781 /* LaunchScreen.storyboard in Resources */,
				4B9E3F6D2253C46A00FA5781 /* Assets.xcassets in Resources */,
				4B9E3F6B2253C46900FA5781 /* Main.storyboard in Resources */,
			);
			runOnlyForDeploymentPostprocessing = 0;
		};
		4B9E3F742253C46A00FA5781 /* Resources */ = {
			isa = PBXResourcesBuildPhase;
			buildActionMask = 2147483647;
			files = (
			);
			runOnlyForDeploymentPostprocessing = 0;
		};
		4B9E3F7F2253C46A00FA5781 /* Resources */ = {
			isa = PBXResourcesBuildPhase;
			buildActionMask = 2147483647;
			files = (
			);
			runOnlyForDeploymentPostprocessing = 0;
		};
/* End PBXResourcesBuildPhase section */

/* Begin PBXSourcesBuildPhase section */
		4B9E3F5E2253C46900FA5781 /* Sources */ = {
			isa = PBXSourcesBuildPhase;
			buildActionMask = 2147483647;
			files = (
				4B9E3F682253C46900FA5781 /* ViewController.swift in Sources */,
				4B9E3F662253C46900FA5781 /* AppDelegate.swift in Sources */,
			);
			runOnlyForDeploymentPostprocessing = 0;
		};
		4B9E3F722253C46A00FA5781 /* Sources */ = {
			isa = PBXSourcesBuildPhase;
			buildActionMask = 2147483647;
			files = (
				4B9E3F7B2253C46A00FA5781 /* reggieisblackithinkTests.swift in Sources */,
			);
			runOnlyForDeploymentPostprocessing = 0;
		};
		4B9E3F7D2253C46A00FA5781 /* Sources */ = {
			isa = PBXSourcesBuildPhase;
			buildActionMask = 2147483647;
			files = (
				4B9E3F862253C46A00FA5781 /* reggieisblackithinkUITests.swift in Sources */,
			);
			runOnlyForDeploymentPostprocessing = 0;
		};
/* End PBXSourcesBuildPhase section */

/* Begin PBXTargetDependency section */
		4B9E3F782253C46A00FA5781 /* PBXTargetDependency */ = {
			isa = PBXTargetDependency;
			target = 4B9E3F612253C46900FA5781 /* reggieisblackithink */;
			targetProxy = 4B9E3F772253C46A00FA5781 /* PBXContainerItemProxy */;
		};
		4B9E3F832253C46A00FA5781 /* PBXTargetDependency */ = {
			isa = PBXTargetDependency;
			target = 4B9E3F612253C46900FA5781 /* reggieisblackithink */;
			targetProxy = 4B9E3F822253C46A00FA5781 /* PBXContainerItemProxy */;
		};
/* End PBXTargetDependency section */

/* Begin PBXVariantGroup section */
		4B9E3F692253C46900FA5781 /* Main.storyboard */ = {
			isa = PBXVariantGroup;
			children = (
				4B9E3F6A2253C46900FA5781 /* Base */,
			);
			name = Main.storyboard;
			sourceTree = "<group>";
		};
		4B9E3F6E2253C46A00FA5781 /* LaunchScreen.storyboard */ = {
			isa = PBXVariantGroup;
			children = (
				4B9E3F6F2253C46A00FA5781 /* Base */,
			);
			name = LaunchScreen.storyboard;
			sourceTree = "<group>";
		};
/* End PBXVariantGroup section */

/* Begin XCBuildConfiguration section */
		4B9E3F882253C46A00FA5781 /* Debug */ = {
			isa = XCBuildConfiguration;
			buildSettings = {
				ALWAYS_SEARCH_USER_PATHS = NO;
				CLANG_ANALYZER_NONNULL = YES;
				CLANG_ANALYZER_NUMBER_OBJECT_CONVERSION = YES_AGGRESSIVE;
				CLANG_CXX_LANGUAGE_STANDARD = "gnu++14";
				CLANG_CXX_LIBRARY = "libc++";
				CLANG_ENABLE_MODULES = YES;
				CLANG_ENABLE_OBJC_ARC = YES;
				CLANG_ENABLE_OBJC_WEAK = YES;
				CLANG_WARN_BLOCK_CAPTURE_AUTORELEASING = YES;
				CLANG_WARN_BOOL_CONVERSION = YES;
				CLANG_WARN_COMMA = YES;
				CLANG_WARN_CONSTANT_CONVERSION = YES;
				CLANG_WARN_DEPRECATED_OBJC_IMPLEMENTATIONS = YES;
				CLANG_WARN_DIRECT_OBJC_ISA_USAGE = YES_ERROR;
				CLANG_WARN_DOCUMENTATION_COMMENTS = YES;
				CLANG_WARN_EMPTY_BODY = YES;
				CLANG_WARN_ENUM_CONVERSION = YES;
				CLANG_WARN_INFINITE_RECURSION = YES;
				CLANG_WARN_INT_CONVERSION = YES;
				CLANG_WARN_NON_LITERAL_NULL_CONVERSION = YES;
				CLANG_WARN_OBJC_IMPLICIT_RETAIN_SELF = YES;
				CLANG_WARN_OBJC_LITERAL_CONVERSION = YES;
				CLANG_WARN_OBJC_ROOT_CLASS = YES_ERROR;
				CLANG_WARN_RANGE_LOOP_ANALYSIS = YES;
				CLANG_WARN_STRICT_PROTOTYPES = YES;
				CLANG_WARN_SUSPICIOUS_MOVE = YES;
				CLANG_WARN_UNGUARDED_AVAILABILITY = YES_AGGRESSIVE;
				CLANG_WARN_UNREACHABLE_CODE = YES;
				CLANG_WARN__DUPLICATE_METHOD_MATCH = YES;
				CODE_SIGN_IDENTITY = "iPhone Developer";
				COPY_PHASE_STRIP = NO;
				DEBUG_INFORMATION_FORMAT = dwarf;
				ENABLE_STRICT_OBJC_MSGSEND = YES;
				ENABLE_TESTABILITY = YES;
				GCC_C_LANGUAGE_STANDARD = gnu11;
				GCC_DYNAMIC_NO_PIC = NO;
				GCC_NO_COMMON_BLOCKS = YES;
				GCC_OPTIMIZATION_LEVEL = 0;
				GCC_PREPROCESSOR_DEFINITIONS = (
					"DEBUG=1",
					"$(inherited)",
				);
				GCC_WARN_64_TO_32_BIT_CONVERSION = YES;
				GCC_WARN_ABOUT_RETURN_TYPE = YES_ERROR;
				GCC_WARN_UNDECLARED_SELECTOR = YES;
				GCC_WARN_UNINITIALIZED_AUTOS = YES_AGGRESSIVE;
				GCC_WARN_UNUSED_FUNCTION = YES;
				GCC_WARN_UNUSED_VARIABLE = YES;
				IPHONEOS_DEPLOYMENT_TARGET = 12.0;
				MTL_ENABLE_DEBUG_INFO = INCLUDE_SOURCE;
				MTL_FAST_MATH = YES;
				ONLY_ACTIVE_ARCH = YES;
				SDKROOT = iphoneos;
				SWIFT_ACTIVE_COMPILATION_CONDITIONS = DEBUG;
				SWIFT_OPTIMIZATION_LEVEL = "-Onone";
			};
			name = Debug;
		};
		4B9E3F892253C46A00FA5781 /* Release */ = {
			isa = XCBuildConfiguration;
			buildSettings = {
				ALWAYS_SEARCH_USER_PATHS = NO;
				CLANG_ANALYZER_NONNULL = YES;
				CLANG_ANALYZER_NUMBER_OBJECT_CONVERSION = YES_AGGRESSIVE;
				CLANG_CXX_LANGUAGE_STANDARD = "gnu++14";
				CLANG_CXX_LIBRARY = "libc++";
				CLANG_ENABLE_MODULES = YES;
				CLANG_ENABLE_OBJC_ARC = YES;
				CLANG_ENABLE_OBJC_WEAK = YES;
				CLANG_WARN_BLOCK_CAPTURE_AUTORELEASING = YES;
				CLANG_WARN_BOOL_CONVERSION = YES;
				CLANG_WARN_COMMA = YES;
				CLANG_WARN_CONSTANT_CONVERSION = YES;
				CLANG_WARN_DEPRECATED_OBJC_IMPLEMENTATIONS = YES;
				CLANG_WARN_DIRECT_OBJC_ISA_USAGE = YES_ERROR;
				CLANG_WARN_DOCUMENTATION_COMMENTS = YES;
				CLANG_WARN_EMPTY_BODY = YES;
				CLANG_WARN_ENUM_CONVERSION = YES;
				CLANG_WARN_INFINITE_RECURSION = YES;
				CLANG_WARN_INT_CONVERSION = YES;
				CLANG_WARN_NON_LITERAL_NULL_CONVERSION = YES;
				CLANG_WARN_OBJC_IMPLICIT_RETAIN_SELF = YES;
				CLANG_WARN_OBJC_LITERAL_CONVERSION = YES;
				CLANG_WARN_OBJC_ROOT_CLASS = YES_ERROR;
				CLANG_WARN_RANGE_LOOP_ANALYSIS = YES;
				CLANG_WARN_STRICT_PROTOTYPES = YES;
				CLANG_WARN_SUSPICIOUS_MOVE = YES;
				CLANG_WARN_UNGUARDED_AVAILABILITY = YES_AGGRESSIVE;
				CLANG_WARN_UNREACHABLE_CODE = YES;
				CLANG_WARN__DUPLICATE_METHOD_MATCH = YES;
				CODE_SIGN_IDENTITY = "iPhone Developer";
				COPY_PHASE_STRIP = NO;
				DEBUG_INFORMATION_FORMAT = "dwarf-with-dsym";
				ENABLE_NS_ASSERTIONS = NO;
				ENABLE_STRICT_OBJC_MSGSEND = YES;
				GCC_C_LANGUAGE_STANDARD = gnu11;
				GCC_NO_COMMON_BLOCKS = YES;
				GCC_WARN_64_TO_32_BIT_CONVERSION = YES;
				GCC_WARN_ABOUT_RETURN_TYPE = YES_ERROR;
				GCC_WARN_UNDECLARED_SELECTOR = YES;
				GCC_WARN_UNINITIALIZED_AUTOS = YES_AGGRESSIVE;
				GCC_WARN_UNUSED_FUNCTION = YES;
				GCC_WARN_UNUSED_VARIABLE = YES;
				IPHONEOS_DEPLOYMENT_TARGET = 12.0;
				MTL_ENABLE_DEBUG_INFO = NO;
				MTL_FAST_MATH = YES;
				SDKROOT = iphoneos;
				SWIFT_COMPILATION_MODE = wholemodule;
				SWIFT_OPTIMIZATION_LEVEL = "-O";
				VALIDATE_PRODUCT = YES;
			};
			name = Release;
		};
		4B9E3F8B2253C46A00FA5781 /* Debug */ = {
			isa = XCBuildConfiguration;
			buildSettings = {
				ASSETCATALOG_COMPILER_APPICON_NAME = AppIcon;
				CODE_SIGN_STYLE = Automatic;
				INFOPLIST_FILE = reggieisblackithink/Info.plist;
				LD_RUNPATH_SEARCH_PATHS = (
					"$(inherited)",
					"@executable_path/Frameworks",
				);
				PRODUCT_BUNDLE_IDENTIFIER = ytj.reggieisblackithink;
				PRODUCT_NAME = "$(TARGET_NAME)";
				SWIFT_VERSION = 4.2;
				TARGETED_DEVICE_FAMILY = "1,2";
			};
			name = Debug;
		};
		4B9E3F8C2253C46A00FA5781 /* Release */ = {
			isa = XCBuildConfiguration;
			buildSettings = {
				ASSETCATALOG_COMPILER_APPICON_NAME = AppIcon;
				CODE_SIGN_STYLE = Automatic;
				INFOPLIST_FILE = reggieisblackithink/Info.plist;
				LD_RUNPATH_SEARCH_PATHS = (
					"$(inherited)",
					"@executable_path/Frameworks",
				);
				PRODUCT_BUNDLE_IDENTIFIER = ytj.reggieisblackithink;
				PRODUCT_NAME = "$(TARGET_NAME)";
				SWIFT_VERSION = 4.2;
				TARGETED_DEVICE_FAMILY = "1,2";
			};
			name = Release;
		};
		4B9E3F8E2253C46A00FA5781 /* Debug */ = {
			isa = XCBuildConfiguration;
			buildSettings = {
				ALWAYS_EMBED_SWIFT_STANDARD_LIBRARIES = YES;
				BUNDLE_LOADER = "$(TEST_HOST)";
				CODE_SIGN_STYLE = Automatic;
				INFOPLIST_FILE = reggieisblackithinkTests/Info.plist;
				LD_RUNPATH_SEARCH_PATHS = (
					"$(inherited)",
					"@executable_path/Frameworks",
					"@loader_path/Frameworks",
				);
				PRODUCT_BUNDLE_IDENTIFIER = ytj.reggieisblackithinkTests;
				PRODUCT_NAME = "$(TARGET_NAME)";
				SWIFT_VERSION = 4.2;
				TARGETED_DEVICE_FAMILY = "1,2";
				TEST_HOST = "$(BUILT_PRODUCTS_DIR)/reggieisblackithink.app/reggieisblackithink";
			};
			name = Debug;
		};
		4B9E3F8F2253C46A00FA5781 /* Release */ = {
			isa = XCBuildConfiguration;
			buildSettings = {
				ALWAYS_EMBED_SWIFT_STANDARD_LIBRARIES = YES;
				BUNDLE_LOADER = "$(TEST_HOST)";
				CODE_SIGN_STYLE = Automatic;
				INFOPLIST_FILE = reggieisblackithinkTests/Info.plist;
				LD_RUNPATH_SEARCH_PATHS = (
					"$(inherited)",
					"@executable_path/Frameworks",
					"@loader_path/Frameworks",
				);
				PRODUCT_BUNDLE_IDENTIFIER = ytj.reggieisblackithinkTests;
				PRODUCT_NAME = "$(TARGET_NAME)";
				SWIFT_VERSION = 4.2;
				TARGETED_DEVICE_FAMILY = "1,2";
				TEST_HOST = "$(BUILT_PRODUCTS_DIR)/reggieisblackithink.app/reggieisblackithink";
			};
			name = Release;
		};
		4B9E3F912253C46A00FA5781 /* Debug */ = {
			isa = XCBuildConfiguration;
			buildSettings = {
				ALWAYS_EMBED_SWIFT_STANDARD_LIBRARIES = YES;
				CODE_SIGN_STYLE = Automatic;
				INFOPLIST_FILE = reggieisblackithinkUITests/Info.plist;
				LD_RUNPATH_SEARCH_PATHS = (
					"$(inherited)",
					"@executable_path/Frameworks",
					"@loader_path/Frameworks",
				);
				PRODUCT_BUNDLE_IDENTIFIER = ytj.reggieisblackithinkUITests;
				PRODUCT_NAME = "$(TARGET_NAME)";
				SWIFT_VERSION = 4.2;
				TARGETED_DEVICE_FAMILY = "1,2";
				TEST_TARGET_NAME = reggieisblackithink;
			};
			name = Debug;
		};
		4B9E3F922253C46A00FA5781 /* Release */ = {
			isa = XCBuildConfiguration;
			buildSettings = {
				ALWAYS_EMBED_SWIFT_STANDARD_LIBRARIES = YES;
				CODE_SIGN_STYLE = Automatic;
				INFOPLIST_FILE = reggieisblackithinkUITests/Info.plist;
				LD_RUNPATH_SEARCH_PATHS = (
					"$(inherited)",
					"@executable_path/Frameworks",
					"@loader_path/Frameworks",
				);
				PRODUCT_BUNDLE_IDENTIFIER = ytj.reggieisblackithinkUITests;
				PRODUCT_NAME = "$(TARGET_NAME)";
				SWIFT_VERSION = 4.2;
				TARGETED_DEVICE_FAMILY = "1,2";
				TEST_TARGET_NAME = reggieisblackithink;
			};
			name = Release;
		};
/* End XCBuildConfiguration section */

/* Begin XCConfigurationList section */
		4B9E3F5D2253C46900FA5781 /* Build configuration list for PBXProject "reggieisblackithink" */ = {
			isa = XCConfigurationList;
			buildConfigurations = (
				4B9E3F882253C46A00FA5781 /* Debug */,
				4B9E3F892253C46A00FA5781 /* Release */,
			);
			defaultConfigurationIsVisible = 0;
			defaultConfigurationName = Release;
		};
		4B9E3F8A2253C46A00FA5781 /* Build configuration list for PBXNativeTarget "reggieisblackithink" */ = {
			isa = XCConfigurationList;
			buildConfigurations = (
				4B9E3F8B2253C46A00FA5781 /* Debug */,
				4B9E3F8C2253C46A00FA5781 /* Release */,
			);
			defaultConfigurationIsVisible = 0;
			defaultConfigurationName = Release;
		};
		4B9E3F8D2253C46A00FA5781 /* Build configuration list for PBXNativeTarget "reggieisblackithinkTests" */ = {
			isa = XCConfigurationList;
			buildConfigurations = (
				4B9E3F8E2253C46A00FA5781 /* Debug */,
				4B9E3F8F2253C46A00FA5781 /* Release */,
			);
			defaultConfigurationIsVisible = 0;
			defaultConfigurationName = Release;
		};
		4B9E3F902253C46A00FA5781 /* Build configuration list for PBXNativeTarget "reggieisblackithinkUITests" */ = {
			isa = XCConfigurationList;
			buildConfigurations = (
				4B9E3F912253C46A00FA5781 /* Debug */,
				4B9E3F922253C46A00FA5781 /* Release */,
			);
			defaultConfigurationIsVisible = 0;
			defaultConfigurationName = Release;
		};
/* End XCConfigurationList section */
	};
	rootObject = 4B9E3F5A2253C46900FA5781 /* Project object */;
}
